
Microsoft Visual Studio Solution File, Format Version 12.00
# Visual Studio 15
VisualStudioVersion = 15.0.26730.16
MinimumVisualStudioVersion = 10.0.40219.1
Project("{FAE04EC0-301F-11D3-BF4B-00C04F79EFBC}") = "UWPTest", "UWPTest\UWPTest.csproj", "{07FC263E-22A0-4860-96C8-48D1E46877C7}"
EndProject
Project("{9A19103F-16F7-4668-BE54-9A1E7A4F7556}") = "DeepStreamNet", "src\DeepStreamNet\DeepStreamNet.csproj", "{A60BCB79-E503-43EC-B791-B547704F1B4D}"
EndProject
Global
	GlobalSection(SolutionConfigurationPlatforms) = preSolution
		Debug|Any CPU = Debug|Any CPU
		Debug|ARM = Debug|ARM
		Debug|x64 = Debug|x64
		Debug|x86 = Debug|x86
		Release|Any CPU = Release|Any CPU
		Release|ARM = Release|ARM
		Release|x64 = Release|x64
		Release|x86 = Release|x86
	EndGlobalSection
	GlobalSection(ProjectConfigurationPlatforms) = postSolution
		{07FC263E-22A0-4860-96C8-48D1E46877C7}.Debug|Any CPU.ActiveCfg = Debug|x86
		{07FC263E-22A0-4860-96C8-48D1E46877C7}.Debug|ARM.ActiveCfg = Debug|ARM
		{07FC263E-22A0-4860-96C8-48D1E46877C7}.Debug|ARM.Build.0 = Debug|ARM
		{07FC263E-22A0-4860-96C8-48D1E46877C7}.Debug|ARM.Deploy.0 = Debug|ARM
		{07FC263E-22A0-4860-96C8-48D1E46877C7}.Debug|x64.ActiveCfg = Debug|x64
		{07FC263E-22A0-4860-96C8-48D1E46877C7}.Debug|x64.Build.0 = Debug|x64
		{07FC263E-22A0-4860-96C8-48D1E46877C7}.Debug|x64.Deploy.0 = Debug|x64
		{07FC263E-22A0-4860-96C8-48D1E46877C7}.Debug|x86.ActiveCfg = Debug|x86
		{07FC263E-22A0-4860-96C8-48D1E46877C7}.Debug|x86.Build.0 = Debug|x86
		{07FC263E-22A0-4860-96C8-48D1E46877C7}.Debug|x86.Deploy.0 = Debug|x86
		{07FC263E-22A0-4860-96C8-48D1E46877C7}.Release|Any CPU.ActiveCfg = Release|x86
		{07FC263E-22A0-4860-96C8-48D1E46877C7}.Release|ARM.ActiveCfg = Release|ARM
		{07FC263E-22A0-4860-96C8-48D1E46877C7}.Release|ARM.Build.0 = Release|ARM
		{07FC263E-22A0-4860-96C8-48D1E46877C7}.Release|ARM.Deploy.0 = Release|ARM
		{07FC263E-22A0-4860-96C8-48D1E46877C7}.Release|x64.ActiveCfg = Release|x64
		{07FC263E-22A0-4860-96C8-48D1E46877C7}.Release|x64.Build.0 = Release|x64
		{07FC263E-22A0-4860-96C8-48D1E46877C7}.Release|x64.Deploy.0 = Release|x64
		{07FC263E-22A0-4860-96C8-48D1E46877C7}.Release|x86.ActiveCfg = Release|x86
		{07FC263E-22A0-4860-96C8-48D1E46877C7}.Release|x86.Build.0 = Release|x86
		{07FC263E-22A0-4860-96C8-48D1E46877C7}.Release|x86.Deploy.0 = Release|x86
		{A60BCB79-E503-43EC-B791-B547704F1B4D}.Debug|Any CPU.ActiveCfg = Debug|Any CPU
		{A60BCB79-E503-43EC-B791-B547704F1B4D}.Debug|Any CPU.Build.0 = Debug|Any CPU
		{A60BCB79-E503-43EC-B791-B547704F1B4D}.Debug|ARM.ActiveCfg = Debug|Any CPU
		{A60BCB79-E503-43EC-B791-B547704F1B4D}.Debug|ARM.Build.0 = Debug|Any CPU
		{A60BCB79-E503-43EC-B791-B547704F1B4D}.Debug|x64.ActiveCfg = Debug|Any CPU
		{A60BCB79-E503-43EC-B791-B547704F1B4D}.Debug|x64.Build.0 = Debug|Any CPU
		{A60BCB79-E503-43EC-B791-B547704F1B4D}.Debug|x86.ActiveCfg = Debug|Any CPU
		{A60BCB79-E503-43EC-B791-B547704F1B4D}.Debug|x86.Build.0 = Debug|Any CPU
		{A60BCB79-E503-43EC-B791-B547704F1B4D}.Release|Any CPU.ActiveCfg = Release|Any CPU
		{A60BCB79-E503-43EC-B791-B547704F1B4D}.Release|Any CPU.Build.0 = Release|Any CPU
		{A60BCB79-E503-43EC-B791-B547704F1B4D}.Release|ARM.ActiveCfg = Release|Any CPU
		{A60BCB79-E503-43EC-B791-B547704F1B4D}.Release|ARM.Build.0 = Release|Any CPU
		{A60BCB79-E503-43EC-B791-B547704F1B4D}.Release|x64.ActiveCfg = Release|Any CPU
		{A60BCB79-E503-43EC-B791-B547704F1B4D}.Release|x64.Build.0 = Release|Any CPU
		{A60BCB79-E503-43EC-B791-B547704F1B4D}.Release|x86.ActiveCfg = Release|Any CPU
		{A60BCB79-E503-43EC-B791-B547704F1B4D}.Release|x86.Build.0 = Release|Any CPU
	EndGlobalSection
	GlobalSection(SolutionProperties) = preSolution
		HideSolutionNode = FALSE
	EndGlobalSection
	GlobalSection(ExtensibilityGlobals) = postSolution
		SolutionGuid = {EFF8EF65-D867-49D6-9E7C-5E63D775D6A4}
	EndGlobalSection
EndGlobal
